// !$*UTF8*$!
{
	archiveVersion = 1;
	classes = {
	};
	objectVersion = 56;
	objects = {

/* Begin PBXBuildFile section */
		8F773A262A1B8B14008BE535 /* WeatherListView.xib in Resources */ = {isa = PBXBuildFile; fileRef = 8F773A252A1B8B14008BE535 /* WeatherListView.xib */; };
		EB9CB33429F5363D006C114D /* AppDelegate.swift in Sources */ = {isa = PBXBuildFile; fileRef = EB9CB33329F5363D006C114D /* AppDelegate.swift */; };
		EB9CB33629F5363D006C114D /* SceneDelegate.swift in Sources */ = {isa = PBXBuildFile; fileRef = EB9CB33529F5363D006C114D /* SceneDelegate.swift */; };
		EB9CB33829F5363D006C114D /* WeatherListViewController.swift in Sources */ = {isa = PBXBuildFile; fileRef = EB9CB33729F5363D006C114D /* WeatherListViewController.swift */; };
		EB9CB33B29F5363D006C114D /* Main.storyboard in Resources */ = {isa = PBXBuildFile; fileRef = EB9CB33929F5363D006C114D /* Main.storyboard */; };
		EB9CB33D29F5363D006C114D /* Assets.xcassets in Resources */ = {isa = PBXBuildFile; fileRef = EB9CB33C29F5363D006C114D /* Assets.xcassets */; };
		EB9CB34029F5363D006C114D /* LaunchScreen.storyboard in Resources */ = {isa = PBXBuildFile; fileRef = EB9CB33E29F5363D006C114D /* LaunchScreen.storyboard */; };
		EB9CB34929F6BB65006C114D /* Weather.swift in Sources */ = {isa = PBXBuildFile; fileRef = EB9CB34829F6BB65006C114D /* Weather.swift */; };
		EB9CB34C29F826BE006C114D /* Alamofire in Frameworks */ = {isa = PBXBuildFile; productRef = EB9CB34B29F826BE006C114D /* Alamofire */; };
		EB9FB2CA2A1A70AC000A1B0C /* WeatherListView.swift in Sources */ = {isa = PBXBuildFile; fileRef = EB9FB2C92A1A70AC000A1B0C /* WeatherListView.swift */; };
/* End PBXBuildFile section */

/* Begin PBXFileReference section */
		8F773A252A1B8B14008BE535 /* WeatherListView.xib */ = {isa = PBXFileReference; fileEncoding = 4; lastKnownFileType = file.xib; path = WeatherListView.xib; sourceTree = "<group>"; };
		EB9CB33029F5363D006C114D /* WeatherApp.app */ = {isa = PBXFileReference; explicitFileType = wrapper.application; includeInIndex = 0; path = WeatherApp.app; sourceTree = BUILT_PRODUCTS_DIR; };
		EB9CB33329F5363D006C114D /* AppDelegate.swift */ = {isa = PBXFileReference; lastKnownFileType = sourcecode.swift; path = AppDelegate.swift; sourceTree = "<group>"; };
		EB9CB33529F5363D006C114D /* SceneDelegate.swift */ = {isa = PBXFileReference; lastKnownFileType = sourcecode.swift; path = SceneDelegate.swift; sourceTree = "<group>"; };
		EB9CB33729F5363D006C114D /* WeatherListViewController.swift */ = {isa = PBXFileReference; lastKnownFileType = sourcecode.swift; path = WeatherListViewController.swift; sourceTree = "<group>"; };
		EB9CB33A29F5363D006C114D /* Base */ = {isa = PBXFileReference; lastKnownFileType = file.storyboard; name = Base; path = Base.lproj/Main.storyboard; sourceTree = "<group>"; };
		EB9CB33C29F5363D006C114D /* Assets.xcassets */ = {isa = PBXFileReference; lastKnownFileType = folder.assetcatalog; path = Assets.xcassets; sourceTree = "<group>"; };
		EB9CB33F29F5363D006C114D /* Base */ = {isa = PBXFileReference; lastKnownFileType = file.storyboard; name = Base; path = Base.lproj/LaunchScreen.storyboard; sourceTree = "<group>"; };
		EB9CB34129F5363D006C114D /* Info.plist */ = {isa = PBXFileReference; lastKnownFileType = text.plist.xml; path = Info.plist; sourceTree = "<group>"; };
		EB9CB34829F6BB65006C114D /* Weather.swift */ = {isa = PBXFileReference; lastKnownFileType = sourcecode.swift; path = Weather.swift; sourceTree = "<group>"; };
		EB9FB2C92A1A70AC000A1B0C /* WeatherListView.swift */ = {isa = PBXFileReference; lastKnownFileType = sourcecode.swift; path = WeatherListView.swift; sourceTree = "<group>"; };
/* End PBXFileReference section */

/* Begin PBXFrameworksBuildPhase section */
		EB9CB32D29F5363D006C114D /* Frameworks */ = {
			isa = PBXFrameworksBuildPhase;
			buildActionMask = 2147483647;
			files = (
				EB9CB34C29F826BE006C114D /* Alamofire in Frameworks */,
			);
			runOnlyForDeploymentPostprocessing = 0;
		};
/* End PBXFrameworksBuildPhase section */

/* Begin PBXGroup section */
		EB1064502A30BED600CFF730 /* ViewControllers */ = {
			isa = PBXGroup;
			children = (
				EB9CB33729F5363D006C114D /* WeatherListViewController.swift */,
			);
			path = ViewControllers;
			sourceTree = "<group>";
		};
		EB1064512A30BEFC00CFF730 /* Views */ = {
			isa = PBXGroup;
			children = (
				EB9FB2C92A1A70AC000A1B0C /* WeatherListView.swift */,
				8F773A252A1B8B14008BE535 /* WeatherListView.xib */,
			);
			path = Views;
			sourceTree = "<group>";
		};
		EB9CB32729F5363D006C114D = {
			isa = PBXGroup;
			children = (
				EB9CB33229F5363D006C114D /* WeatherApp */,
				EB9CB33129F5363D006C114D /* Products */,
			);
			sourceTree = "<group>";
		};
		EB9CB33129F5363D006C114D /* Products */ = {
			isa = PBXGroup;
			children = (
				EB9CB33029F5363D006C114D /* WeatherApp.app */,
			);
			name = Products;
			sourceTree = "<group>";
		};
		EB9CB33229F5363D006C114D /* WeatherApp */ = {
			isa = PBXGroup;
			children = (
				EB1064512A30BEFC00CFF730 /* Views */,
				EB1064502A30BED600CFF730 /* ViewControllers */,
				EB9CB34729F6BB55006C114D /* Models */,
				EB9CB33329F5363D006C114D /* AppDelegate.swift */,
				EB9CB33529F5363D006C114D /* SceneDelegate.swift */,
				EB9CB33929F5363D006C114D /* Main.storyboard */,
				EB9CB33C29F5363D006C114D /* Assets.xcassets */,
				EB9CB33E29F5363D006C114D /* LaunchScreen.storyboard */,
				EB9CB34129F5363D006C114D /* Info.plist */,
			);
			path = WeatherApp;
			sourceTree = "<group>";
		};
		EB9CB34729F6BB55006C114D /* Models */ = {
			isa = PBXGroup;
			children = (
				EB9CB34829F6BB65006C114D /* Weather.swift */,
			);
			path = Models;
			sourceTree = "<group>";
		};
/* End PBXGroup section */

/* Begin PBXNativeTarget section */
		EB9CB32F29F5363D006C114D /* WeatherApp */ = {
			isa = PBXNativeTarget;
			buildConfigurationList = EB9CB34429F5363D006C114D /* Build configuration list for PBXNativeTarget "WeatherApp" */;
			buildPhases = (
				EB9CB32C29F5363D006C114D /* Sources */,
				EB9CB32D29F5363D006C114D /* Frameworks */,
				EB9CB32E29F5363D006C114D /* Resources */,
			);
			buildRules = (
			);
			dependencies = (
			);
			name = WeatherApp;
			packageProductDependencies = (
				EB9CB34B29F826BE006C114D /* Alamofire */,
			);
			productName = WeatherApp;
			productReference = EB9CB33029F5363D006C114D /* WeatherApp.app */;
			productType = "com.apple.product-type.application";
		};
/* End PBXNativeTarget section */

/* Begin PBXProject section */
		EB9CB32829F5363D006C114D /* Project object */ = {
			isa = PBXProject;
			attributes = {
				BuildIndependentTargetsInParallel = 1;
				LastSwiftUpdateCheck = 1430;
				LastUpgradeCheck = 1430;
				TargetAttributes = {
					EB9CB32F29F5363D006C114D = {
						CreatedOnToolsVersion = 14.3;
					};
				};
			};
			buildConfigurationList = EB9CB32B29F5363D006C114D /* Build configuration list for PBXProject "WeatherApp" */;
			compatibilityVersion = "Xcode 14.0";
			developmentRegion = en;
			hasScannedForEncodings = 0;
			knownRegions = (
				en,
				Base,
			);
			mainGroup = EB9CB32729F5363D006C114D;
			packageReferences = (
				EB9CB34A29F826BE006C114D /* XCRemoteSwiftPackageReference "Alamofire" */,
			);
			productRefGroup = EB9CB33129F5363D006C114D /* Products */;
			projectDirPath = "";
			projectRoot = "";
			targets = (
				EB9CB32F29F5363D006C114D /* WeatherApp */,
			);
		};
/* End PBXProject section */

/* Begin PBXResourcesBuildPhase section */
		EB9CB32E29F5363D006C114D /* Resources */ = {
			isa = PBXResourcesBuildPhase;
			buildActionMask = 2147483647;
			files = (
				EB9CB34029F5363D006C114D /* LaunchScreen.storyboard in Resources */,
				8F773A262A1B8B14008BE535 /* WeatherListView.xib in Resources */,
				EB9CB33D29F5363D006C114D /* Assets.xcassets in Resources */,
				EB9CB33B29F5363D006C114D /* Main.storyboard in Resources */,
			);
			runOnlyForDeploymentPostprocessing = 0;
		};
/* End PBXResourcesBuildPhase section */

/* Begin PBXSourcesBuildPhase section */
		EB9CB32C29F5363D006C114D /* Sources */ = {
			isa = PBXSourcesBuildPhase;
			buildActionMask = 2147483647;
			files = (
				EB9CB34929F6BB65006C114D /* Weather.swift in Sources */,
				EB9CB33829F5363D006C114D /* WeatherListViewController.swift in Sources */,
				EB9FB2CA2A1A70AC000A1B0C /* WeatherListView.swift in Sources */,
				EB9CB33429F5363D006C114D /* AppDelegate.swift in Sources */,
				EB9CB33629F5363D006C114D /* SceneDelegate.swift in Sources */,
			);
			runOnlyForDeploymentPostprocessing = 0;
		};
/* End PBXSourcesBuildPhase section */

/* Begin PBXVariantGroup section */
		EB9CB33929F5363D006C114D /* Main.storyboard */ = {
			isa = PBXVariantGroup;
			children = (
				EB9CB33A29F5363D006C114D /* Base */,
			);
			name = Main.storyboard;
			sourceTree = "<group>";
		};
		EB9CB33E29F5363D006C114D /* LaunchScreen.storyboard */ = {
			isa = PBXVariantGroup;
			children = (
				EB9CB33F29F5363D006C114D /* Base */,
			);
			name = LaunchScreen.storyboard;
			sourceTree = "<group>";
		};
/* End PBXVariantGroup section */

/* Begin XCBuildConfiguration section */
		EB9CB34229F5363D006C114D /* Debug */ = {
			isa = XCBuildConfiguration;
			buildSettings = {
				ALWAYS_SEARCH_USER_PATHS = NO;
				CLANG_ANALYZER_NONNULL = YES;
				CLANG_ANALYZER_NUMBER_OBJECT_CONVERSION = YES_AGGRESSIVE;
				CLANG_CXX_LANGUAGE_STANDARD = "gnu++20";
				CLANG_ENABLE_MODULES = YES;
				CLANG_ENABLE_OBJC_ARC = YES;
				CLANG_ENABLE_OBJC_WEAK = YES;
				CLANG_WARN_BLOCK_CAPTURE_AUTORELEASING = YES;
				CLANG_WARN_BOOL_CONVERSION = YES;
				CLANG_WARN_COMMA = YES;
				CLANG_WARN_CONSTANT_CONVERSION = YES;
				CLANG_WARN_DEPRECATED_OBJC_IMPLEMENTATIONS = YES;
				CLANG_WARN_DIRECT_OBJC_ISA_USAGE = YES_ERROR;
				CLANG_WARN_DOCUMENTATION_COMMENTS = YES;
				CLANG_WARN_EMPTY_BODY = YES;
				CLANG_WARN_ENUM_CONVERSION = YES;
				CLANG_WARN_INFINITE_RECURSION = YES;
				CLANG_WARN_INT_CONVERSION = YES;
				CLANG_WARN_NON_LITERAL_NULL_CONVERSION = YES;
				CLANG_WARN_OBJC_IMPLICIT_RETAIN_SELF = YES;
				CLANG_WARN_OBJC_LITERAL_CONVERSION = YES;
				CLANG_WARN_OBJC_ROOT_CLASS = YES_ERROR;
				CLANG_WARN_QUOTED_INCLUDE_IN_FRAMEWORK_HEADER = YES;
				CLANG_WARN_RANGE_LOOP_ANALYSIS = YES;
				CLANG_WARN_STRICT_PROTOTYPES = YES;
				CLANG_WARN_SUSPICIOUS_MOVE = YES;
				CLANG_WARN_UNGUARDED_AVAILABILITY = YES_AGGRESSIVE;
				CLANG_WARN_UNREACHABLE_CODE = YES;
				CLANG_WARN__DUPLICATE_METHOD_MATCH = YES;
				COPY_PHASE_STRIP = NO;
				DEBUG_INFORMATION_FORMAT = dwarf;
				ENABLE_STRICT_OBJC_MSGSEND = YES;
				ENABLE_TESTABILITY = YES;
				GCC_C_LANGUAGE_STANDARD = gnu11;
				GCC_DYNAMIC_NO_PIC = NO;
				GCC_NO_COMMON_BLOCKS = YES;
				GCC_OPTIMIZATION_LEVEL = 0;
				GCC_PREPROCESSOR_DEFINITIONS = (
					"DEBUG=1",
					"$(inherited)",
				);
				GCC_WARN_64_TO_32_BIT_CONVERSION = YES;
				GCC_WARN_ABOUT_RETURN_TYPE = YES_ERROR;
				GCC_WARN_UNDECLARED_SELECTOR = YES;
				GCC_WARN_UNINITIALIZED_AUTOS = YES_AGGRESSIVE;
				GCC_WARN_UNUSED_FUNCTION = YES;
				GCC_WARN_UNUSED_VARIABLE = YES;
				IPHONEOS_DEPLOYMENT_TARGET = 16.4;
				MTL_ENABLE_DEBUG_INFO = INCLUDE_SOURCE;
				MTL_FAST_MATH = YES;
				ONLY_ACTIVE_ARCH = YES;
				SDKROOT = iphoneos;
				SWIFT_ACTIVE_COMPILATION_CONDITIONS = DEBUG;
				SWIFT_OPTIMIZATION_LEVEL = "-Onone";
			};
			name = Debug;
		};
		EB9CB34329F5363D006C114D /* Release */ = {
			isa = XCBuildConfiguration;
			buildSettings = {
				ALWAYS_SEARCH_USER_PATHS = NO;
				CLANG_ANALYZER_NONNULL = YES;
				CLANG_ANALYZER_NUMBER_OBJECT_CONVERSION = YES_AGGRESSIVE;
				CLANG_CXX_LANGUAGE_STANDARD = "gnu++20";
				CLANG_ENABLE_MODULES = YES;
				CLANG_ENABLE_OBJC_ARC = YES;
				CLANG_ENABLE_OBJC_WEAK = YES;
				CLANG_WARN_BLOCK_CAPTURE_AUTORELEASING = YES;
				CLANG_WARN_BOOL_CONVERSION = YES;
				CLANG_WARN_COMMA = YES;
				CLANG_WARN_CONSTANT_CONVERSION = YES;
				CLANG_WARN_DEPRECATED_OBJC_IMPLEMENTATIONS = YES;
				CLANG_WARN_DIRECT_OBJC_ISA_USAGE = YES_ERROR;
				CLANG_WARN_DOCUMENTATION_COMMENTS = YES;
				CLANG_WARN_EMPTY_BODY = YES;
				CLANG_WARN_ENUM_CONVERSION = YES;
				CLANG_WARN_INFINITE_RECURSION = YES;
				CLANG_WARN_INT_CONVERSION = YES;
				CLANG_WARN_NON_LITERAL_NULL_CONVERSION = YES;
				CLANG_WARN_OBJC_IMPLICIT_RETAIN_SELF = YES;
				CLANG_WARN_OBJC_LITERAL_CONVERSION = YES;
				CLANG_WARN_OBJC_ROOT_CLASS = YES_ERROR;
				CLANG_WARN_QUOTED_INCLUDE_IN_FRAMEWORK_HEADER = YES;
				CLANG_WARN_RANGE_LOOP_ANALYSIS = YES;
				CLANG_WARN_STRICT_PROTOTYPES = YES;
				CLANG_WARN_SUSPICIOUS_MOVE = YES;
				CLANG_WARN_UNGUARDED_AVAILABILITY = YES_AGGRESSIVE;
				CLANG_WARN_UNREACHABLE_CODE = YES;
				CLANG_WARN__DUPLICATE_METHOD_MATCH = YES;
				COPY_PHASE_STRIP = NO;
				DEBUG_INFORMATION_FORMAT = "dwarf-with-dsym";
				ENABLE_NS_ASSERTIONS = NO;
				ENABLE_STRICT_OBJC_MSGSEND = YES;
				GCC_C_LANGUAGE_STANDARD = gnu11;
				GCC_NO_COMMON_BLOCKS = YES;
				GCC_WARN_64_TO_32_BIT_CONVERSION = YES;
				GCC_WARN_ABOUT_RETURN_TYPE = YES_ERROR;
				GCC_WARN_UNDECLARED_SELECTOR = YES;
				GCC_WARN_UNINITIALIZED_AUTOS = YES_AGGRESSIVE;
				GCC_WARN_UNUSED_FUNCTION = YES;
				GCC_WARN_UNUSED_VARIABLE = YES;
				IPHONEOS_DEPLOYMENT_TARGET = 16.4;
				MTL_ENABLE_DEBUG_INFO = NO;
				MTL_FAST_MATH = YES;
				SDKROOT = iphoneos;
				SWIFT_COMPILATION_MODE = wholemodule;
				SWIFT_OPTIMIZATION_LEVEL = "-O";
				VALIDATE_PRODUCT = YES;
			};
			name = Release;
		};
		EB9CB34529F5363D006C114D /* Debug */ = {
			isa = XCBuildConfiguration;
			buildSettings = {
				ASSETCATALOG_COMPILER_APPICON_NAME = AppIcon;
				ASSETCATALOG_COMPILER_GLOBAL_ACCENT_COLOR_NAME = AccentColor;
				CODE_SIGN_STYLE = Automatic;
				CURRENT_PROJECT_VERSION = 1;
				DEVELOPMENT_TEAM = TUSC7FM5CU;
				GENERATE_INFOPLIST_FILE = YES;
				INFOPLIST_FILE = WeatherApp/Info.plist;
				INFOPLIST_KEY_UIApplicationSupportsIndirectInputEvents = YES;
				INFOPLIST_KEY_UILaunchStoryboardName = LaunchScreen;
				INFOPLIST_KEY_UIMainStoryboardFile = Main;
				INFOPLIST_KEY_UISupportedInterfaceOrientations_iPad = "UIInterfaceOrientationPortrait UIInterfaceOrientationPortraitUpsideDown UIInterfaceOrientationLandscapeLeft UIInterfaceOrientationLandscapeRight";
				INFOPLIST_KEY_UISupportedInterfaceOrientations_iPhone = "UIInterfaceOrientationPortrait UIInterfaceOrientationLandscapeLeft UIInterfaceOrientationLandscapeRight";
				LD_RUNPATH_SEARCH_PATHS = (
					"$(inherited)",
					"@executable_path/Frameworks",
				);
				MARKETING_VERSION = 1.0;
				PRODUCT_BUNDLE_IDENTIFIER = EG.WeatherApp;
				PRODUCT_NAME = "$(TARGET_NAME)";
				SWIFT_EMIT_LOC_STRINGS = YES;
				SWIFT_VERSION = 5.0;
				TARGETED_DEVICE_FAMILY = "1,2";
			};
			name = Debug;
		};
		EB9CB34629F5363D006C114D /* Release */ = {
			isa = XCBuildConfiguration;
			buildSettings = {
				ASSETCATALOG_COMPILER_APPICON_NAME = AppIcon;
				ASSETCATALOG_COMPILER_GLOBAL_ACCENT_COLOR_NAME = AccentColor;
				CODE_SIGN_STYLE = Automatic;
				CURRENT_PROJECT_VERSION = 1;
				DEVELOPMENT_TEAM = TUSC7FM5CU;
				GENERATE_INFOPLIST_FILE = YES;
				INFOPLIST_FILE = WeatherApp/Info.plist;
				INFOPLIST_KEY_UIApplicationSupportsIndirectInputEvents = YES;
				INFOPLIST_KEY_UILaunchStoryboardName = LaunchScreen;
				INFOPLIST_KEY_UIMainStoryboardFile = Main;
				INFOPLIST_KEY_UISupportedInterfaceOrientations_iPad = "UIInterfaceOrientationPortrait UIInterfaceOrientationPortraitUpsideDown UIInterfaceOrientationLandscapeLeft UIInterfaceOrientationLandscapeRight";
				INFOPLIST_KEY_UISupportedInterfaceOrientations_iPhone = "UIInterfaceOrientationPortrait UIInterfaceOrientationLandscapeLeft UIInterfaceOrientationLandscapeRight";
				LD_RUNPATH_SEARCH_PATHS = (
					"$(inherited)",
					"@executable_path/Frameworks",
				);
				MARKETING_VERSION = 1.0;
				PRODUCT_BUNDLE_IDENTIFIER = EG.WeatherApp;
				PRODUCT_NAME = "$(TARGET_NAME)";
				SWIFT_EMIT_LOC_STRINGS = YES;
				SWIFT_VERSION = 5.0;
				TARGETED_DEVICE_FAMILY = "1,2";
			};
			name = Release;
		};
/* End XCBuildConfiguration section */

/* Begin XCConfigurationList section */
		EB9CB32B29F5363D006C114D /* Build configuration list for PBXProject "WeatherApp" */ = {
			isa = XCConfigurationList;
			buildConfigurations = (
				EB9CB34229F5363D006C114D /* Debug */,
				EB9CB34329F5363D006C114D /* Release */,
			);
			defaultConfigurationIsVisible = 0;
			defaultConfigurationName = Release;
		};
		EB9CB34429F5363D006C114D /* Build configuration list for PBXNativeTarget "WeatherApp" */ = {
			isa = XCConfigurationList;
			buildConfigurations = (
				EB9CB34529F5363D006C114D /* Debug */,
				EB9CB34629F5363D006C114D /* Release */,
			);
			defaultConfigurationIsVisible = 0;
			defaultConfigurationName = Release;
		};
/* End XCConfigurationList section */

/* Begin XCRemoteSwiftPackageReference section */
		EB9CB34A29F826BE006C114D /* XCRemoteSwiftPackageReference "Alamofire" */ = {
			isa = XCRemoteSwiftPackageReference;
			repositoryURL = "https://github.com/Alamofire/Alamofire.git";
			requirement = {
				kind = upToNextMajorVersion;
				minimumVersion = 5.0.0;
			};
		};
/* End XCRemoteSwiftPackageReference section */

/* Begin XCSwiftPackageProductDependency section */
		EB9CB34B29F826BE006C114D /* Alamofire */ = {
			isa = XCSwiftPackageProductDependency;
			package = EB9CB34A29F826BE006C114D /* XCRemoteSwiftPackageReference "Alamofire" */;
			productName = Alamofire;
		};
/* End XCSwiftPackageProductDependency section */
	};
	rootObject = EB9CB32829F5363D006C114D /* Project object */;
}
